
Microsoft Visual Studio Solution File, Format Version 12.00
# Visual Studio Version 17
VisualStudioVersion = 17.0.31903.59
MinimumVisualStudioVersion = 10.0.40219.1
Project("{2150E333-8FDC-42A3-9474-1A3956D46DE8}") = "src", "src", "{3F252FF8-B952-40E6-8EBD-E0A5CB680CF4}"
EndProject
Project("{FAE04EC0-301F-11D3-BF4B-00C04F79EFBC}") = "AuctionService", "src\AuctionService\AuctionService.csproj", "{C6A222F7-DA9E-4A79-8B4C-E813FFBADDBB}"
EndProject
Project("{FAE04EC0-301F-11D3-BF4B-00C04F79EFBC}") = "SearchService", "src\SearchService\SearchService.csproj", "{1E4F3B64-B9D2-48EC-A367-781640898CC1}"
EndProject
Global
	GlobalSection(SolutionConfigurationPlatforms) = preSolution
		Debug|Any CPU = Debug|Any CPU
		Release|Any CPU = Release|Any CPU
	EndGlobalSection
	GlobalSection(SolutionProperties) = preSolution
		HideSolutionNode = FALSE
	EndGlobalSection
	GlobalSection(ProjectConfigurationPlatforms) = postSolution
		{C6A222F7-DA9E-4A79-8B4C-E813FFBADDBB}.Debug|Any CPU.ActiveCfg = Debug|Any CPU
		{C6A222F7-DA9E-4A79-8B4C-E813FFBADDBB}.Debug|Any CPU.Build.0 = Debug|Any CPU
		{C6A222F7-DA9E-4A79-8B4C-E813FFBADDBB}.Release|Any CPU.ActiveCfg = Release|Any CPU
		{C6A222F7-DA9E-4A79-8B4C-E813FFBADDBB}.Release|Any CPU.Build.0 = Release|Any CPU
		{1E4F3B64-B9D2-48EC-A367-781640898CC1}.Debug|Any CPU.ActiveCfg = Debug|Any CPU
		{1E4F3B64-B9D2-48EC-A367-781640898CC1}.Debug|Any CPU.Build.0 = Debug|Any CPU
		{1E4F3B64-B9D2-48EC-A367-781640898CC1}.Release|Any CPU.ActiveCfg = Release|Any CPU
		{1E4F3B64-B9D2-48EC-A367-781640898CC1}.Release|Any CPU.Build.0 = Release|Any CPU
	EndGlobalSection
	GlobalSection(NestedProjects) = preSolution
		{C6A222F7-DA9E-4A79-8B4C-E813FFBADDBB} = {3F252FF8-B952-40E6-8EBD-E0A5CB680CF4}
		{1E4F3B64-B9D2-48EC-A367-781640898CC1} = {3F252FF8-B952-40E6-8EBD-E0A5CB680CF4}
	EndGlobalSection
EndGlobal
